
Microsoft Visual Studio Solution File, Format Version 12.00
# Visual Studio Version 17
VisualStudioVersion = 17.9.34616.47
MinimumVisualStudioVersion = 10.0.40219.1
Project("{FAE04EC0-301F-11D3-BF4B-00C04F79EFBC}") = "COMP003B.Assignment1", "COMP003B.Assignment1\COMP003B.Assignment1.csproj", "{EB8F2C15-CE06-49CD-B8C8-4CC78A6488A1}"
EndProject
Global
	GlobalSection(SolutionConfigurationPlatforms) = preSolution
		Debug|Any CPU = Debug|Any CPU
		Release|Any CPU = Release|Any CPU
	EndGlobalSection
	GlobalSection(ProjectConfigurationPlatforms) = postSolution
		{EB8F2C15-CE06-49CD-B8C8-4CC78A6488A1}.Debug|Any CPU.ActiveCfg = Debug|Any CPU
		{EB8F2C15-CE06-49CD-B8C8-4CC78A6488A1}.Debug|Any CPU.Build.0 = Debug|Any CPU
		{EB8F2C15-CE06-49CD-B8C8-4CC78A6488A1}.Release|Any CPU.ActiveCfg = Release|Any CPU
		{EB8F2C15-CE06-49CD-B8C8-4CC78A6488A1}.Release|Any CPU.Build.0 = Release|Any CPU
	EndGlobalSection
	GlobalSection(SolutionProperties) = preSolution
		HideSolutionNode = FALSE
	EndGlobalSection
	GlobalSection(ExtensibilityGlobals) = postSolution
		SolutionGuid = {18E124A5-4AE9-42C5-A3CD-B973F50B4E39}
	EndGlobalSection
EndGlobal
